// !$*UTF8*$!
{
	archiveVersion = 1;
	classes = {
	};
	objectVersion = 48;
	objects = {

/* Begin PBXBuildFile section */
		2041AA3E1F23F524009A55BB /* AppDelegate.swift in Sources */ = {isa = PBXBuildFile; fileRef = 2041AA3D1F23F524009A55BB /* AppDelegate.swift */; };
		2041AA431F23F524009A55BB /* Main.storyboard in Resources */ = {isa = PBXBuildFile; fileRef = 2041AA411F23F524009A55BB /* Main.storyboard */; };
		2041AA451F23F524009A55BB /* Assets.xcassets in Resources */ = {isa = PBXBuildFile; fileRef = 2041AA441F23F524009A55BB /* Assets.xcassets */; };
		2041AA481F23F524009A55BB /* LaunchScreen.storyboard in Resources */ = {isa = PBXBuildFile; fileRef = 2041AA461F23F524009A55BB /* LaunchScreen.storyboard */; };
		2041AA531F240036009A55BB /* SWRevealViewController.m in Sources */ = {isa = PBXBuildFile; fileRef = 2041AA511F240036009A55BB /* SWRevealViewController.m */; };
		2041AA581F24D65C009A55BB /* ChatVC.swift in Sources */ = {isa = PBXBuildFile; fileRef = 2041AA571F24D65C009A55BB /* ChatVC.swift */; };
		2041AA5A1F24D673009A55BB /* ChannelVC.swift in Sources */ = {isa = PBXBuildFile; fileRef = 2041AA591F24D672009A55BB /* ChannelVC.swift */; };
		2B90E3A853A41AE20EB32593 /* Pods_SmackTalk.framework in Frameworks */ = {isa = PBXBuildFile; fileRef = 16CE68AEB80CDAFEB2B97B36 /* Pods_SmackTalk.framework */; };
/* End PBXBuildFile section */

/* Begin PBXFileReference section */
		16CE68AEB80CDAFEB2B97B36 /* Pods_SmackTalk.framework */ = {isa = PBXFileReference; explicitFileType = wrapper.framework; includeInIndex = 0; path = Pods_SmackTalk.framework; sourceTree = BUILT_PRODUCTS_DIR; };
		2041AA3A1F23F524009A55BB /* SmackTalk.app */ = {isa = PBXFileReference; explicitFileType = wrapper.application; includeInIndex = 0; path = SmackTalk.app; sourceTree = BUILT_PRODUCTS_DIR; };
		2041AA3D1F23F524009A55BB /* AppDelegate.swift */ = {isa = PBXFileReference; lastKnownFileType = sourcecode.swift; path = AppDelegate.swift; sourceTree = "<group>"; };
		2041AA421F23F524009A55BB /* Base */ = {isa = PBXFileReference; lastKnownFileType = file.storyboard; name = Base; path = Base.lproj/Main.storyboard; sourceTree = "<group>"; };
		2041AA441F23F524009A55BB /* Assets.xcassets */ = {isa = PBXFileReference; lastKnownFileType = folder.assetcatalog; path = Assets.xcassets; sourceTree = "<group>"; };
		2041AA471F23F524009A55BB /* Base */ = {isa = PBXFileReference; lastKnownFileType = file.storyboard; name = Base; path = Base.lproj/LaunchScreen.storyboard; sourceTree = "<group>"; };
		2041AA491F23F524009A55BB /* Info.plist */ = {isa = PBXFileReference; lastKnownFileType = text.plist.xml; path = Info.plist; sourceTree = "<group>"; };
		2041AA501F240034009A55BB /* SmackTalk-Bridging-Header.h */ = {isa = PBXFileReference; lastKnownFileType = sourcecode.c.h; path = "SmackTalk-Bridging-Header.h"; sourceTree = "<group>"; };
		2041AA511F240036009A55BB /* SWRevealViewController.m */ = {isa = PBXFileReference; fileEncoding = 4; lastKnownFileType = sourcecode.c.objc; name = SWRevealViewController.m; path = "../../../../../../Downloads/SWRevealViewController-master 2/SWRevealViewController/SWRevealViewController.m"; sourceTree = "<group>"; };
		2041AA521F240036009A55BB /* SWRevealViewController.h */ = {isa = PBXFileReference; fileEncoding = 4; lastKnownFileType = sourcecode.c.h; name = SWRevealViewController.h; path = "../../../../../../Downloads/SWRevealViewController-master 2/SWRevealViewController/SWRevealViewController.h"; sourceTree = "<group>"; };
		2041AA571F24D65C009A55BB /* ChatVC.swift */ = {isa = PBXFileReference; lastKnownFileType = sourcecode.swift; path = ChatVC.swift; sourceTree = "<group>"; };
		2041AA591F24D672009A55BB /* ChannelVC.swift */ = {isa = PBXFileReference; lastKnownFileType = sourcecode.swift; path = ChannelVC.swift; sourceTree = "<group>"; };
		2602B3EB8135C3C1515B3443 /* Pods-SmackTalk.debug.xcconfig */ = {isa = PBXFileReference; includeInIndex = 1; lastKnownFileType = text.xcconfig; name = "Pods-SmackTalk.debug.xcconfig"; path = "Pods/Target Support Files/Pods-SmackTalk/Pods-SmackTalk.debug.xcconfig"; sourceTree = "<group>"; };
		B156F76DA8BF32C25FD6D704 /* Pods-SmackTalk.release.xcconfig */ = {isa = PBXFileReference; includeInIndex = 1; lastKnownFileType = text.xcconfig; name = "Pods-SmackTalk.release.xcconfig"; path = "Pods/Target Support Files/Pods-SmackTalk/Pods-SmackTalk.release.xcconfig"; sourceTree = "<group>"; };
/* End PBXFileReference section */

/* Begin PBXFrameworksBuildPhase section */
		2041AA371F23F524009A55BB /* Frameworks */ = {
			isa = PBXFrameworksBuildPhase;
			buildActionMask = 2147483647;
			files = (
				2B90E3A853A41AE20EB32593 /* Pods_SmackTalk.framework in Frameworks */,
			);
			runOnlyForDeploymentPostprocessing = 0;
		};
/* End PBXFrameworksBuildPhase section */

/* Begin PBXGroup section */
		2041AA311F23F524009A55BB = {
			isa = PBXGroup;
			children = (
				2041AA3C1F23F524009A55BB /* SmackTalk */,
				2041AA3B1F23F524009A55BB /* Products */,
				2F21D48CCE52C546F2BB853B /* Pods */,
				61F74082E060F1150D310792 /* Frameworks */,
			);
			sourceTree = "<group>";
		};
		2041AA3B1F23F524009A55BB /* Products */ = {
			isa = PBXGroup;
			children = (
				2041AA3A1F23F524009A55BB /* SmackTalk.app */,
			);
			name = Products;
			sourceTree = "<group>";
		};
		2041AA3C1F23F524009A55BB /* SmackTalk */ = {
			isa = PBXGroup;
			children = (
				2041AA561F24D62B009A55BB /* Controller */,
				2041AA551F24D627009A55BB /* View */,
				2041AA541F24D622009A55BB /* Model */,
				2041AA4F1F24001A009A55BB /* SupportingFiles */,
				2041AA3D1F23F524009A55BB /* AppDelegate.swift */,
				2041AA411F23F524009A55BB /* Main.storyboard */,
				2041AA441F23F524009A55BB /* Assets.xcassets */,
				2041AA461F23F524009A55BB /* LaunchScreen.storyboard */,
				2041AA491F23F524009A55BB /* Info.plist */,
			);
			path = SmackTalk;
			sourceTree = "<group>";
		};
		2041AA4F1F24001A009A55BB /* SupportingFiles */ = {
			isa = PBXGroup;
			children = (
				2041AA521F240036009A55BB /* SWRevealViewController.h */,
				2041AA511F240036009A55BB /* SWRevealViewController.m */,
				2041AA501F240034009A55BB /* SmackTalk-Bridging-Header.h */,
			);
			path = SupportingFiles;
			sourceTree = "<group>";
		};
		2041AA541F24D622009A55BB /* Model */ = {
			isa = PBXGroup;
			children = (
			);
			path = Model;
			sourceTree = "<group>";
		};
		2041AA551F24D627009A55BB /* View */ = {
			isa = PBXGroup;
			children = (
			);
			path = View;
			sourceTree = "<group>";
		};
		2041AA561F24D62B009A55BB /* Controller */ = {
			isa = PBXGroup;
			children = (
				2041AA571F24D65C009A55BB /* ChatVC.swift */,
				2041AA591F24D672009A55BB /* ChannelVC.swift */,
			);
			path = Controller;
			sourceTree = "<group>";
		};
		2F21D48CCE52C546F2BB853B /* Pods */ = {
			isa = PBXGroup;
			children = (
				2602B3EB8135C3C1515B3443 /* Pods-SmackTalk.debug.xcconfig */,
				B156F76DA8BF32C25FD6D704 /* Pods-SmackTalk.release.xcconfig */,
			);
			name = Pods;
			sourceTree = "<group>";
		};
		61F74082E060F1150D310792 /* Frameworks */ = {
			isa = PBXGroup;
			children = (
				16CE68AEB80CDAFEB2B97B36 /* Pods_SmackTalk.framework */,
			);
			name = Frameworks;
			sourceTree = "<group>";
		};
/* End PBXGroup section */

/* Begin PBXNativeTarget section */
		2041AA391F23F524009A55BB /* SmackTalk */ = {
			isa = PBXNativeTarget;
			buildConfigurationList = 2041AA4C1F23F524009A55BB /* Build configuration list for PBXNativeTarget "SmackTalk" */;
			buildPhases = (
				82BFD754220F98E01893DE04 /* [CP] Check Pods Manifest.lock */,
				2041AA361F23F524009A55BB /* Sources */,
				2041AA371F23F524009A55BB /* Frameworks */,
				2041AA381F23F524009A55BB /* Resources */,
				8D2C7B987A18CD4EE302CD89 /* [CP] Embed Pods Frameworks */,
				7695EABEB98EC3D404368D3C /* [CP] Copy Pods Resources */,
			);
			buildRules = (
			);
			dependencies = (
			);
			name = SmackTalk;
			productName = SmackTalk;
			productReference = 2041AA3A1F23F524009A55BB /* SmackTalk.app */;
			productType = "com.apple.product-type.application";
		};
/* End PBXNativeTarget section */

/* Begin PBXProject section */
		2041AA321F23F524009A55BB /* Project object */ = {
			isa = PBXProject;
			attributes = {
				LastSwiftUpdateCheck = 0900;
				LastUpgradeCheck = 0900;
				ORGANIZATIONNAME = "Evan Laird";
				TargetAttributes = {
					2041AA391F23F524009A55BB = {
						CreatedOnToolsVersion = 9.0;
						LastSwiftMigration = 0900;
					};
				};
			};
			buildConfigurationList = 2041AA351F23F524009A55BB /* Build configuration list for PBXProject "SmackTalk" */;
			compatibilityVersion = "Xcode 8.0";
			developmentRegion = en;
			hasScannedForEncodings = 0;
			knownRegions = (
				en,
				Base,
			);
			mainGroup = 2041AA311F23F524009A55BB;
			productRefGroup = 2041AA3B1F23F524009A55BB /* Products */;
			projectDirPath = "";
			projectRoot = "";
			targets = (
				2041AA391F23F524009A55BB /* SmackTalk */,
			);
		};
/* End PBXProject section */

/* Begin PBXResourcesBuildPhase section */
		2041AA381F23F524009A55BB /* Resources */ = {
			isa = PBXResourcesBuildPhase;
			buildActionMask = 2147483647;
			files = (
				2041AA481F23F524009A55BB /* LaunchScreen.storyboard in Resources */,
				2041AA451F23F524009A55BB /* Assets.xcassets in Resources */,
				2041AA431F23F524009A55BB /* Main.storyboard in Resources */,
			);
			runOnlyForDeploymentPostprocessing = 0;
		};
/* End PBXResourcesBuildPhase section */

/* Begin PBXShellScriptBuildPhase section */
		7695EABEB98EC3D404368D3C /* [CP] Copy Pods Resources */ = {
			isa = PBXShellScriptBuildPhase;
			buildActionMask = 2147483647;
			files = (
			);
			inputPaths = (
			);
			name = "[CP] Copy Pods Resources";
			outputPaths = (
			);
			runOnlyForDeploymentPostprocessing = 0;
			shellPath = /bin/sh;
			shellScript = "\"${SRCROOT}/Pods/Target Support Files/Pods-SmackTalk/Pods-SmackTalk-resources.sh\"\n";
			showEnvVarsInLog = 0;
		};
		82BFD754220F98E01893DE04 /* [CP] Check Pods Manifest.lock */ = {
			isa = PBXShellScriptBuildPhase;
			buildActionMask = 2147483647;
			files = (
			);
			inputPaths = (
			);
			name = "[CP] Check Pods Manifest.lock";
			outputPaths = (
			);
			runOnlyForDeploymentPostprocessing = 0;
			shellPath = /bin/sh;
			shellScript = "diff \"${PODS_ROOT}/../Podfile.lock\" \"${PODS_ROOT}/Manifest.lock\" > /dev/null\nif [ $? != 0 ] ; then\n    # print error to STDERR\n    echo \"error: The sandbox is not in sync with the Podfile.lock. Run 'pod install' or update your CocoaPods installation.\" >&2\n    exit 1\nfi\n";
			showEnvVarsInLog = 0;
		};
		8D2C7B987A18CD4EE302CD89 /* [CP] Embed Pods Frameworks */ = {
			isa = PBXShellScriptBuildPhase;
			buildActionMask = 2147483647;
			files = (
			);
			inputPaths = (
			);
			name = "[CP] Embed Pods Frameworks";
			outputPaths = (
			);
			runOnlyForDeploymentPostprocessing = 0;
			shellPath = /bin/sh;
			shellScript = "\"${SRCROOT}/Pods/Target Support Files/Pods-SmackTalk/Pods-SmackTalk-frameworks.sh\"\n";
			showEnvVarsInLog = 0;
		};
/* End PBXShellScriptBuildPhase section */

/* Begin PBXSourcesBuildPhase section */
		2041AA361F23F524009A55BB /* Sources */ = {
			isa = PBXSourcesBuildPhase;
			buildActionMask = 2147483647;
			files = (
				2041AA5A1F24D673009A55BB /* ChannelVC.swift in Sources */,
				2041AA581F24D65C009A55BB /* ChatVC.swift in Sources */,
				2041AA3E1F23F524009A55BB /* AppDelegate.swift in Sources */,
				2041AA531F240036009A55BB /* SWRevealViewController.m in Sources */,
			);
			runOnlyForDeploymentPostprocessing = 0;
		};
/* End PBXSourcesBuildPhase section */

/* Begin PBXVariantGroup section */
		2041AA411F23F524009A55BB /* Main.storyboard */ = {
			isa = PBXVariantGroup;
			children = (
				2041AA421F23F524009A55BB /* Base */,
			);
			name = Main.storyboard;
			sourceTree = "<group>";
		};
		2041AA461F23F524009A55BB /* LaunchScreen.storyboard */ = {
			isa = PBXVariantGroup;
			children = (
				2041AA471F23F524009A55BB /* Base */,
			);
			name = LaunchScreen.storyboard;
			sourceTree = "<group>";
		};
/* End PBXVariantGroup section */

/* Begin XCBuildConfiguration section */
		2041AA4A1F23F524009A55BB /* Debug */ = {
			isa = XCBuildConfiguration;
			buildSettings = {
				ALWAYS_SEARCH_USER_PATHS = NO;
				CLANG_ANALYZER_NONNULL = YES;
				CLANG_ANALYZER_NUMBER_OBJECT_CONVERSION = YES_AGGRESSIVE;
				CLANG_CXX_LANGUAGE_STANDARD = "gnu++14";
				CLANG_CXX_LIBRARY = "libc++";
				CLANG_ENABLE_MODULES = YES;
				CLANG_ENABLE_OBJC_ARC = YES;
				CLANG_WARN_BLOCK_CAPTURE_AUTORELEASING = YES;
				CLANG_WARN_BOOL_CONVERSION = YES;
				CLANG_WARN_COMMA = YES;
				CLANG_WARN_CONSTANT_CONVERSION = YES;
				CLANG_WARN_DIRECT_OBJC_ISA_USAGE = YES_ERROR;
				CLANG_WARN_DOCUMENTATION_COMMENTS = YES;
				CLANG_WARN_EMPTY_BODY = YES;
				CLANG_WARN_ENUM_CONVERSION = YES;
				CLANG_WARN_INFINITE_RECURSION = YES;
				CLANG_WARN_INT_CONVERSION = YES;
				CLANG_WARN_NON_LITERAL_NULL_CONVERSION = YES;
				CLANG_WARN_OBJC_LITERAL_CONVERSION = YES;
				CLANG_WARN_OBJC_ROOT_CLASS = YES_ERROR;
				CLANG_WARN_RANGE_LOOP_ANALYSIS = YES;
				CLANG_WARN_STRICT_PROTOTYPES = YES;
				CLANG_WARN_SUSPICIOUS_MOVE = YES;
				CLANG_WARN_UNGUARDED_AVAILABILITY = YES_AGGRESSIVE;
				CLANG_WARN_UNREACHABLE_CODE = YES;
				CLANG_WARN__DUPLICATE_METHOD_MATCH = YES;
				CODE_SIGN_IDENTITY = "iPhone Developer";
				COPY_PHASE_STRIP = NO;
				DEBUG_INFORMATION_FORMAT = dwarf;
				ENABLE_STRICT_OBJC_MSGSEND = YES;
				ENABLE_TESTABILITY = YES;
				GCC_C_LANGUAGE_STANDARD = gnu11;
				GCC_DYNAMIC_NO_PIC = NO;
				GCC_NO_COMMON_BLOCKS = YES;
				GCC_OPTIMIZATION_LEVEL = 0;
				GCC_PREPROCESSOR_DEFINITIONS = (
					"DEBUG=1",
					"$(inherited)",
				);
				GCC_WARN_64_TO_32_BIT_CONVERSION = YES;
				GCC_WARN_ABOUT_RETURN_TYPE = YES_ERROR;
				GCC_WARN_UNDECLARED_SELECTOR = YES;
				GCC_WARN_UNINITIALIZED_AUTOS = YES_AGGRESSIVE;
				GCC_WARN_UNUSED_FUNCTION = YES;
				GCC_WARN_UNUSED_VARIABLE = YES;
				IPHONEOS_DEPLOYMENT_TARGET = 11.0;
				MTL_ENABLE_DEBUG_INFO = YES;
				ONLY_ACTIVE_ARCH = YES;
				SDKROOT = iphoneos;
				SWIFT_ACTIVE_COMPILATION_CONDITIONS = DEBUG;
				SWIFT_OPTIMIZATION_LEVEL = "-Onone";
			};
			name = Debug;
		};
		2041AA4B1F23F524009A55BB /* Release */ = {
			isa = XCBuildConfiguration;
			buildSettings = {
				ALWAYS_SEARCH_USER_PATHS = NO;
				CLANG_ANALYZER_NONNULL = YES;
				CLANG_ANALYZER_NUMBER_OBJECT_CONVERSION = YES_AGGRESSIVE;
				CLANG_CXX_LANGUAGE_STANDARD = "gnu++14";
				CLANG_CXX_LIBRARY = "libc++";
				CLANG_ENABLE_MODULES = YES;
				CLANG_ENABLE_OBJC_ARC = YES;
				CLANG_WARN_BLOCK_CAPTURE_AUTORELEASING = YES;
				CLANG_WARN_BOOL_CONVERSION = YES;
				CLANG_WARN_COMMA = YES;
				CLANG_WARN_CONSTANT_CONVERSION = YES;
				CLANG_WARN_DIRECT_OBJC_ISA_USAGE = YES_ERROR;
				CLANG_WARN_DOCUMENTATION_COMMENTS = YES;
				CLANG_WARN_EMPTY_BODY = YES;
				CLANG_WARN_ENUM_CONVERSION = YES;
				CLANG_WARN_INFINITE_RECURSION = YES;
				CLANG_WARN_INT_CONVERSION = YES;
				CLANG_WARN_NON_LITERAL_NULL_CONVERSION = YES;
				CLANG_WARN_OBJC_LITERAL_CONVERSION = YES;
				CLANG_WARN_OBJC_ROOT_CLASS = YES_ERROR;
				CLANG_WARN_RANGE_LOOP_ANALYSIS = YES;
				CLANG_WARN_STRICT_PROTOTYPES = YES;
				CLANG_WARN_SUSPICIOUS_MOVE = YES;
				CLANG_WARN_UNGUARDED_AVAILABILITY = YES_AGGRESSIVE;
				CLANG_WARN_UNREACHABLE_CODE = YES;
				CLANG_WARN__DUPLICATE_METHOD_MATCH = YES;
				CODE_SIGN_IDENTITY = "iPhone Developer";
				COPY_PHASE_STRIP = NO;
				DEBUG_INFORMATION_FORMAT = "dwarf-with-dsym";
				ENABLE_NS_ASSERTIONS = NO;
				ENABLE_STRICT_OBJC_MSGSEND = YES;
				GCC_C_LANGUAGE_STANDARD = gnu11;
				GCC_NO_COMMON_BLOCKS = YES;
				GCC_WARN_64_TO_32_BIT_CONVERSION = YES;
				GCC_WARN_ABOUT_RETURN_TYPE = YES_ERROR;
				GCC_WARN_UNDECLARED_SELECTOR = YES;
				GCC_WARN_UNINITIALIZED_AUTOS = YES_AGGRESSIVE;
				GCC_WARN_UNUSED_FUNCTION = YES;
				GCC_WARN_UNUSED_VARIABLE = YES;
				IPHONEOS_DEPLOYMENT_TARGET = 11.0;
				MTL_ENABLE_DEBUG_INFO = NO;
				SDKROOT = iphoneos;
				SWIFT_OPTIMIZATION_LEVEL = "-Owholemodule";
				VALIDATE_PRODUCT = YES;
			};
			name = Release;
		};
		2041AA4D1F23F524009A55BB /* Debug */ = {
			isa = XCBuildConfiguration;
			baseConfigurationReference = 2602B3EB8135C3C1515B3443 /* Pods-SmackTalk.debug.xcconfig */;
			buildSettings = {
				ASSETCATALOG_COMPILER_APPICON_NAME = AppIcon;
				CLANG_ENABLE_MODULES = YES;
				DEVELOPMENT_TEAM = 79SDS825P4;
				INFOPLIST_FILE = SmackTalk/Info.plist;
				LD_RUNPATH_SEARCH_PATHS = "$(inherited) @executable_path/Frameworks";
				PRODUCT_BUNDLE_IDENTIFIER = com.evanlaird.SmackTalk;
				PRODUCT_NAME = "$(TARGET_NAME)";
				SWIFT_OBJC_BRIDGING_HEADER = "SmackTalk/SupportingFiles/SmackTalk-Bridging-Header.h";
				SWIFT_OPTIMIZATION_LEVEL = "-Onone";
				SWIFT_VERSION = 4.0;
				TARGETED_DEVICE_FAMILY = "1,2";
			};
			name = Debug;
		};
		2041AA4E1F23F524009A55BB /* Release */ = {
			isa = XCBuildConfiguration;
			baseConfigurationReference = B156F76DA8BF32C25FD6D704 /* Pods-SmackTalk.release.xcconfig */;
			buildSettings = {
				ASSETCATALOG_COMPILER_APPICON_NAME = AppIcon;
				CLANG_ENABLE_MODULES = YES;
				DEVELOPMENT_TEAM = 79SDS825P4;
				INFOPLIST_FILE = SmackTalk/Info.plist;
				LD_RUNPATH_SEARCH_PATHS = "$(inherited) @executable_path/Frameworks";
				PRODUCT_BUNDLE_IDENTIFIER = com.evanlaird.SmackTalk;
				PRODUCT_NAME = "$(TARGET_NAME)";
				SWIFT_OBJC_BRIDGING_HEADER = "SmackTalk/SupportingFiles/SmackTalk-Bridging-Header.h";
				SWIFT_VERSION = 4.0;
				TARGETED_DEVICE_FAMILY = "1,2";
			};
			name = Release;
		};
/* End XCBuildConfiguration section */

/* Begin XCConfigurationList section */
		2041AA351F23F524009A55BB /* Build configuration list for PBXProject "SmackTalk" */ = {
			isa = XCConfigurationList;
			buildConfigurations = (
				2041AA4A1F23F524009A55BB /* Debug */,
				2041AA4B1F23F524009A55BB /* Release */,
			);
			defaultConfigurationIsVisible = 0;
			defaultConfigurationName = Release;
		};
		2041AA4C1F23F524009A55BB /* Build configuration list for PBXNativeTarget "SmackTalk" */ = {
			isa = XCConfigurationList;
			buildConfigurations = (
				2041AA4D1F23F524009A55BB /* Debug */,
				2041AA4E1F23F524009A55BB /* Release */,
			);
			defaultConfigurationIsVisible = 0;
			defaultConfigurationName = Release;
		};
/* End XCConfigurationList section */
	};
	rootObject = 2041AA321F23F524009A55BB /* Project object */;
}
